// !$*UTF8*$!
{
	archiveVersion = 1;
	classes = {
	};
	objectVersion = 46;
	objects = {

/* Begin PBXBuildFile section */
		56181CC01ECD7B0A003F2438 /* UserRating.swift in Sources */ = {isa = PBXBuildFile; fileRef = 56181CBF1ECD7B0A003F2438 /* UserRating.swift */; };
		563224611ECAEA6100F9E2B2 /* AppDelegate.swift in Sources */ = {isa = PBXBuildFile; fileRef = 563224601ECAEA6100F9E2B2 /* AppDelegate.swift */; };
		563224631ECAEA6100F9E2B2 /* FreeAppList.swift in Sources */ = {isa = PBXBuildFile; fileRef = 563224621ECAEA6100F9E2B2 /* FreeAppList.swift */; };
		563224661ECAEA6100F9E2B2 /* Main.storyboard in Resources */ = {isa = PBXBuildFile; fileRef = 563224641ECAEA6100F9E2B2 /* Main.storyboard */; };
		563224681ECAEA6100F9E2B2 /* Assets.xcassets in Resources */ = {isa = PBXBuildFile; fileRef = 563224671ECAEA6100F9E2B2 /* Assets.xcassets */; };
		5632246B1ECAEA6100F9E2B2 /* LaunchScreen.storyboard in Resources */ = {isa = PBXBuildFile; fileRef = 563224691ECAEA6100F9E2B2 /* LaunchScreen.storyboard */; };
		563224731ECAF01600F9E2B2 /* AppListCell.swift in Sources */ = {isa = PBXBuildFile; fileRef = 563224721ECAF01600F9E2B2 /* AppListCell.swift */; };
		563224761ECB03FF00F9E2B2 /* FreeAppDetail.swift in Sources */ = {isa = PBXBuildFile; fileRef = 563224751ECB03FF00F9E2B2 /* FreeAppDetail.swift */; };
		5632247B1ECB0CA700F9E2B2 /* ReviewSegmented.swift in Sources */ = {isa = PBXBuildFile; fileRef = 5632247A1ECB0CA700F9E2B2 /* ReviewSegmented.swift */; };
		5632247D1ECB10A500F9E2B2 /* ReviewCell.swift in Sources */ = {isa = PBXBuildFile; fileRef = 5632247C1ECB10A500F9E2B2 /* ReviewCell.swift */; };
		569623871ECC1E8E007601AC /* DetailSegmentedTable.swift in Sources */ = {isa = PBXBuildFile; fileRef = 569623861ECC1E8E007601AC /* DetailSegmentedTable.swift */; };
		569623891ECC26D3007601AC /* Screenshot.swift in Sources */ = {isa = PBXBuildFile; fileRef = 569623881ECC26D3007601AC /* Screenshot.swift */; };
/* End PBXBuildFile section */

/* Begin PBXFileReference section */
		56181CBF1ECD7B0A003F2438 /* UserRating.swift */ = {isa = PBXFileReference; fileEncoding = 4; lastKnownFileType = sourcecode.swift; path = UserRating.swift; sourceTree = "<group>"; };
		5632245D1ECAEA6100F9E2B2 /* AppStore.app */ = {isa = PBXFileReference; explicitFileType = wrapper.application; includeInIndex = 0; path = AppStore.app; sourceTree = BUILT_PRODUCTS_DIR; };
		563224601ECAEA6100F9E2B2 /* AppDelegate.swift */ = {isa = PBXFileReference; lastKnownFileType = sourcecode.swift; path = AppDelegate.swift; sourceTree = "<group>"; };
		563224621ECAEA6100F9E2B2 /* FreeAppList.swift */ = {isa = PBXFileReference; lastKnownFileType = sourcecode.swift; path = FreeAppList.swift; sourceTree = "<group>"; };
		563224651ECAEA6100F9E2B2 /* Base */ = {isa = PBXFileReference; lastKnownFileType = file.storyboard; name = Base; path = Base.lproj/Main.storyboard; sourceTree = "<group>"; };
		563224671ECAEA6100F9E2B2 /* Assets.xcassets */ = {isa = PBXFileReference; lastKnownFileType = folder.assetcatalog; path = Assets.xcassets; sourceTree = "<group>"; };
		5632246A1ECAEA6100F9E2B2 /* Base */ = {isa = PBXFileReference; lastKnownFileType = file.storyboard; name = Base; path = Base.lproj/LaunchScreen.storyboard; sourceTree = "<group>"; };
		5632246C1ECAEA6100F9E2B2 /* Info.plist */ = {isa = PBXFileReference; lastKnownFileType = text.plist.xml; path = Info.plist; sourceTree = "<group>"; };
		563224721ECAF01600F9E2B2 /* AppListCell.swift */ = {isa = PBXFileReference; fileEncoding = 4; lastKnownFileType = sourcecode.swift; path = AppListCell.swift; sourceTree = "<group>"; };
		563224751ECB03FF00F9E2B2 /* FreeAppDetail.swift */ = {isa = PBXFileReference; fileEncoding = 4; lastKnownFileType = sourcecode.swift; path = FreeAppDetail.swift; sourceTree = "<group>"; };
		5632247A1ECB0CA700F9E2B2 /* ReviewSegmented.swift */ = {isa = PBXFileReference; fileEncoding = 4; lastKnownFileType = sourcecode.swift; path = ReviewSegmented.swift; sourceTree = "<group>"; };
		5632247C1ECB10A500F9E2B2 /* ReviewCell.swift */ = {isa = PBXFileReference; fileEncoding = 4; lastKnownFileType = sourcecode.swift; path = ReviewCell.swift; sourceTree = "<group>"; };
		569623861ECC1E8E007601AC /* DetailSegmentedTable.swift */ = {isa = PBXFileReference; fileEncoding = 4; lastKnownFileType = sourcecode.swift; path = DetailSegmentedTable.swift; sourceTree = "<group>"; };
		569623881ECC26D3007601AC /* Screenshot.swift */ = {isa = PBXFileReference; fileEncoding = 4; lastKnownFileType = sourcecode.swift; path = Screenshot.swift; sourceTree = "<group>"; };
/* End PBXFileReference section */

/* Begin PBXFrameworksBuildPhase section */
		5632245A1ECAEA6000F9E2B2 /* Frameworks */ = {
			isa = PBXFrameworksBuildPhase;
			buildActionMask = 2147483647;
			files = (
			);
			runOnlyForDeploymentPostprocessing = 0;
		};
/* End PBXFrameworksBuildPhase section */

/* Begin PBXGroup section */
		56181CC11ECD9B5C003F2438 /* Custom View */ = {
			isa = PBXGroup;
			children = (
				56181CC21ECD9B67003F2438 /* Cell */,
				569623881ECC26D3007601AC /* Screenshot.swift */,
				56181CBF1ECD7B0A003F2438 /* UserRating.swift */,
			);
			name = "Custom View";
			sourceTree = "<group>";
		};
		56181CC21ECD9B67003F2438 /* Cell */ = {
			isa = PBXGroup;
			children = (
				563224721ECAF01600F9E2B2 /* AppListCell.swift */,
				5632247C1ECB10A500F9E2B2 /* ReviewCell.swift */,
			);
			name = Cell;
			sourceTree = "<group>";
		};
		56181CC31ECD9B76003F2438 /* Storyboard */ = {
			isa = PBXGroup;
			children = (
				563224641ECAEA6100F9E2B2 /* Main.storyboard */,
			);
			name = Storyboard;
			sourceTree = "<group>";
		};
		563224541ECAEA6000F9E2B2 = {
			isa = PBXGroup;
			children = (
				5632245F1ECAEA6100F9E2B2 /* AppStore */,
				5632245E1ECAEA6100F9E2B2 /* Products */,
			);
			sourceTree = "<group>";
		};
		5632245E1ECAEA6100F9E2B2 /* Products */ = {
			isa = PBXGroup;
			children = (
				5632245D1ECAEA6100F9E2B2 /* AppStore.app */,
			);
			name = Products;
			sourceTree = "<group>";
		};
		5632245F1ECAEA6100F9E2B2 /* AppStore */ = {
			isa = PBXGroup;
			children = (
				563224741ECB008E00F9E2B2 /* Supporting Files */,
				563224771ECB040B00F9E2B2 /* Controller */,
				56181CC31ECD9B76003F2438 /* Storyboard */,
				56181CC11ECD9B5C003F2438 /* Custom View */,
			);
			path = AppStore;
			sourceTree = "<group>";
		};
		563224741ECB008E00F9E2B2 /* Supporting Files */ = {
			isa = PBXGroup;
			children = (
				563224601ECAEA6100F9E2B2 /* AppDelegate.swift */,
				563224671ECAEA6100F9E2B2 /* Assets.xcassets */,
				563224691ECAEA6100F9E2B2 /* LaunchScreen.storyboard */,
				5632246C1ECAEA6100F9E2B2 /* Info.plist */,
			);
			name = "Supporting Files";
			sourceTree = "<group>";
		};
		563224771ECB040B00F9E2B2 /* Controller */ = {
			isa = PBXGroup;
			children = (
				563224621ECAEA6100F9E2B2 /* FreeAppList.swift */,
				563224751ECB03FF00F9E2B2 /* FreeAppDetail.swift */,
				5632247A1ECB0CA700F9E2B2 /* ReviewSegmented.swift */,
				569623861ECC1E8E007601AC /* DetailSegmentedTable.swift */,
			);
			name = Controller;
			sourceTree = "<group>";
		};
/* End PBXGroup section */

/* Begin PBXNativeTarget section */
		5632245C1ECAEA6000F9E2B2 /* AppStore */ = {
			isa = PBXNativeTarget;
			buildConfigurationList = 5632246F1ECAEA6100F9E2B2 /* Build configuration list for PBXNativeTarget "AppStore" */;
			buildPhases = (
				563224591ECAEA6000F9E2B2 /* Sources */,
				5632245A1ECAEA6000F9E2B2 /* Frameworks */,
				5632245B1ECAEA6000F9E2B2 /* Resources */,
			);
			buildRules = (
			);
			dependencies = (
			);
			name = AppStore;
			productName = AppStore;
			productReference = 5632245D1ECAEA6100F9E2B2 /* AppStore.app */;
			productType = "com.apple.product-type.application";
		};
/* End PBXNativeTarget section */

/* Begin PBXProject section */
		563224551ECAEA6000F9E2B2 /* Project object */ = {
			isa = PBXProject;
			attributes = {
				LastSwiftUpdateCheck = 0820;
				LastUpgradeCheck = 0820;
				ORGANIZATIONNAME = jgson;
				TargetAttributes = {
					5632245C1ECAEA6000F9E2B2 = {
						CreatedOnToolsVersion = 8.2.1;
						DevelopmentTeam = WW36JG8F95;
						ProvisioningStyle = Manual;
					};
				};
			};
			buildConfigurationList = 563224581ECAEA6000F9E2B2 /* Build configuration list for PBXProject "AppStore" */;
			compatibilityVersion = "Xcode 3.2";
			developmentRegion = English;
			hasScannedForEncodings = 0;
			knownRegions = (
				en,
				Base,
			);
			mainGroup = 563224541ECAEA6000F9E2B2;
			productRefGroup = 5632245E1ECAEA6100F9E2B2 /* Products */;
			projectDirPath = "";
			projectRoot = "";
			targets = (
				5632245C1ECAEA6000F9E2B2 /* AppStore */,
			);
		};
/* End PBXProject section */

/* Begin PBXResourcesBuildPhase section */
		5632245B1ECAEA6000F9E2B2 /* Resources */ = {
			isa = PBXResourcesBuildPhase;
			buildActionMask = 2147483647;
			files = (
				5632246B1ECAEA6100F9E2B2 /* LaunchScreen.storyboard in Resources */,
				563224681ECAEA6100F9E2B2 /* Assets.xcassets in Resources */,
				563224661ECAEA6100F9E2B2 /* Main.storyboard in Resources */,
			);
			runOnlyForDeploymentPostprocessing = 0;
		};
/* End PBXResourcesBuildPhase section */

/* Begin PBXSourcesBuildPhase section */
		563224591ECAEA6000F9E2B2 /* Sources */ = {
			isa = PBXSourcesBuildPhase;
			buildActionMask = 2147483647;
			files = (
				5632247B1ECB0CA700F9E2B2 /* ReviewSegmented.swift in Sources */,
				569623891ECC26D3007601AC /* Screenshot.swift in Sources */,
				563224761ECB03FF00F9E2B2 /* FreeAppDetail.swift in Sources */,
				563224631ECAEA6100F9E2B2 /* FreeAppList.swift in Sources */,
				569623871ECC1E8E007601AC /* DetailSegmentedTable.swift in Sources */,
				563224731ECAF01600F9E2B2 /* AppListCell.swift in Sources */,
				56181CC01ECD7B0A003F2438 /* UserRating.swift in Sources */,
				563224611ECAEA6100F9E2B2 /* AppDelegate.swift in Sources */,
				5632247D1ECB10A500F9E2B2 /* ReviewCell.swift in Sources */,
			);
			runOnlyForDeploymentPostprocessing = 0;
		};
/* End PBXSourcesBuildPhase section */

/* Begin PBXVariantGroup section */
		563224641ECAEA6100F9E2B2 /* Main.storyboard */ = {
			isa = PBXVariantGroup;
			children = (
				563224651ECAEA6100F9E2B2 /* Base */,
			);
			name = Main.storyboard;
			sourceTree = "<group>";
		};
		563224691ECAEA6100F9E2B2 /* LaunchScreen.storyboard */ = {
			isa = PBXVariantGroup;
			children = (
				5632246A1ECAEA6100F9E2B2 /* Base */,
			);
			name = LaunchScreen.storyboard;
			sourceTree = "<group>";
		};
/* End PBXVariantGroup section */

/* Begin XCBuildConfiguration section */
		5632246D1ECAEA6100F9E2B2 /* Debug */ = {
			isa = XCBuildConfiguration;
			buildSettings = {
				ALWAYS_SEARCH_USER_PATHS = NO;
				CLANG_ANALYZER_NONNULL = YES;
				CLANG_CXX_LANGUAGE_STANDARD = "gnu++0x";
				CLANG_CXX_LIBRARY = "libc++";
				CLANG_ENABLE_MODULES = YES;
				CLANG_ENABLE_OBJC_ARC = YES;
				CLANG_WARN_BOOL_CONVERSION = YES;
				CLANG_WARN_CONSTANT_CONVERSION = YES;
				CLANG_WARN_DIRECT_OBJC_ISA_USAGE = YES_ERROR;
				CLANG_WARN_DOCUMENTATION_COMMENTS = YES;
				CLANG_WARN_EMPTY_BODY = YES;
				CLANG_WARN_ENUM_CONVERSION = YES;
				CLANG_WARN_INFINITE_RECURSION = YES;
				CLANG_WARN_INT_CONVERSION = YES;
				CLANG_WARN_OBJC_ROOT_CLASS = YES_ERROR;
				CLANG_WARN_SUSPICIOUS_MOVE = YES;
				CLANG_WARN_UNREACHABLE_CODE = YES;
				CLANG_WARN__DUPLICATE_METHOD_MATCH = YES;
				"CODE_SIGN_IDENTITY[sdk=iphoneos*]" = "iPhone Developer";
				COPY_PHASE_STRIP = NO;
				DEBUG_INFORMATION_FORMAT = dwarf;
				ENABLE_STRICT_OBJC_MSGSEND = YES;
				ENABLE_TESTABILITY = YES;
				GCC_C_LANGUAGE_STANDARD = gnu99;
				GCC_DYNAMIC_NO_PIC = NO;
				GCC_NO_COMMON_BLOCKS = YES;
				GCC_OPTIMIZATION_LEVEL = 0;
				GCC_PREPROCESSOR_DEFINITIONS = (
					"DEBUG=1",
					"$(inherited)",
				);
				GCC_WARN_64_TO_32_BIT_CONVERSION = YES;
				GCC_WARN_ABOUT_RETURN_TYPE = YES_ERROR;
				GCC_WARN_UNDECLARED_SELECTOR = YES;
				GCC_WARN_UNINITIALIZED_AUTOS = YES_AGGRESSIVE;
				GCC_WARN_UNUSED_FUNCTION = YES;
				GCC_WARN_UNUSED_VARIABLE = YES;
				IPHONEOS_DEPLOYMENT_TARGET = 10.2;
				MTL_ENABLE_DEBUG_INFO = YES;
				ONLY_ACTIVE_ARCH = YES;
				SDKROOT = iphoneos;
				SWIFT_ACTIVE_COMPILATION_CONDITIONS = DEBUG;
				SWIFT_OPTIMIZATION_LEVEL = "-Onone";
			};
			name = Debug;
		};
		5632246E1ECAEA6100F9E2B2 /* Release */ = {
			isa = XCBuildConfiguration;
			buildSettings = {
				ALWAYS_SEARCH_USER_PATHS = NO;
				CLANG_ANALYZER_NONNULL = YES;
				CLANG_CXX_LANGUAGE_STANDARD = "gnu++0x";
				CLANG_CXX_LIBRARY = "libc++";
				CLANG_ENABLE_MODULES = YES;
				CLANG_ENABLE_OBJC_ARC = YES;
				CLANG_WARN_BOOL_CONVERSION = YES;
				CLANG_WARN_CONSTANT_CONVERSION = YES;
				CLANG_WARN_DIRECT_OBJC_ISA_USAGE = YES_ERROR;
				CLANG_WARN_DOCUMENTATION_COMMENTS = YES;
				CLANG_WARN_EMPTY_BODY = YES;
				CLANG_WARN_ENUM_CONVERSION = YES;
				CLANG_WARN_INFINITE_RECURSION = YES;
				CLANG_WARN_INT_CONVERSION = YES;
				CLANG_WARN_OBJC_ROOT_CLASS = YES_ERROR;
				CLANG_WARN_SUSPICIOUS_MOVE = YES;
				CLANG_WARN_UNREACHABLE_CODE = YES;
				CLANG_WARN__DUPLICATE_METHOD_MATCH = YES;
				"CODE_SIGN_IDENTITY[sdk=iphoneos*]" = "iPhone Developer";
				COPY_PHASE_STRIP = NO;
				DEBUG_INFORMATION_FORMAT = "dwarf-with-dsym";
				ENABLE_NS_ASSERTIONS = NO;
				ENABLE_STRICT_OBJC_MSGSEND = YES;
				GCC_C_LANGUAGE_STANDARD = gnu99;
				GCC_NO_COMMON_BLOCKS = YES;
				GCC_WARN_64_TO_32_BIT_CONVERSION = YES;
				GCC_WARN_ABOUT_RETURN_TYPE = YES_ERROR;
				GCC_WARN_UNDECLARED_SELECTOR = YES;
				GCC_WARN_UNINITIALIZED_AUTOS = YES_AGGRESSIVE;
				GCC_WARN_UNUSED_FUNCTION = YES;
				GCC_WARN_UNUSED_VARIABLE = YES;
				IPHONEOS_DEPLOYMENT_TARGET = 10.2;
				MTL_ENABLE_DEBUG_INFO = NO;
				SDKROOT = iphoneos;
				SWIFT_OPTIMIZATION_LEVEL = "-Owholemodule";
				VALIDATE_PRODUCT = YES;
			};
			name = Release;
		};
		563224701ECAEA6100F9E2B2 /* Debug */ = {
			isa = XCBuildConfiguration;
			buildSettings = {
				ASSETCATALOG_COMPILER_APPICON_NAME = AppIcon;
				DEVELOPMENT_TEAM = WW36JG8F95;
				INFOPLIST_FILE = AppStore/Info.plist;
				LD_RUNPATH_SEARCH_PATHS = "$(inherited) @executable_path/Frameworks";
				PRODUCT_BUNDLE_IDENTIFIER = kr.co.jgson.AppStore;
				PRODUCT_NAME = "$(TARGET_NAME)";
				PROVISIONING_PROFILE = "a6c1f0eb-fccd-477d-9098-c04fe8e7d4b4";
				PROVISIONING_PROFILE_SPECIFIER = AppleStore_dev;
				SWIFT_VERSION = 3.0;
			};
			name = Debug;
		};
		563224711ECAEA6100F9E2B2 /* Release */ = {
			isa = XCBuildConfiguration;
			buildSettings = {
				ASSETCATALOG_COMPILER_APPICON_NAME = AppIcon;
				DEVELOPMENT_TEAM = "";
				INFOPLIST_FILE = AppStore/Info.plist;
				LD_RUNPATH_SEARCH_PATHS = "$(inherited) @executable_path/Frameworks";
				PRODUCT_BUNDLE_IDENTIFIER = kr.co.jgson.AppStore;
				PRODUCT_NAME = "$(TARGET_NAME)";
				SWIFT_VERSION = 3.0;
			};
			name = Release;
		};
/* End XCBuildConfiguration section */

/* Begin XCConfigurationList section */
		563224581ECAEA6000F9E2B2 /* Build configuration list for PBXProject "AppStore" */ = {
			isa = XCConfigurationList;
			buildConfigurations = (
				5632246D1ECAEA6100F9E2B2 /* Debug */,
				5632246E1ECAEA6100F9E2B2 /* Release */,
			);
			defaultConfigurationIsVisible = 0;
			defaultConfigurationName = Release;
		};
		5632246F1ECAEA6100F9E2B2 /* Build configuration list for PBXNativeTarget "AppStore" */ = {
			isa = XCConfigurationList;
			buildConfigurations = (
				563224701ECAEA6100F9E2B2 /* Debug */,
				563224711ECAEA6100F9E2B2 /* Release */,
			);
			defaultConfigurationIsVisible = 0;
			defaultConfigurationName = Release;
		};
/* End XCConfigurationList section */
	};
	rootObject = 563224551ECAEA6000F9E2B2 /* Project object */;
}
